
Microsoft Visual Studio Solution File, Format Version 12.00
# Visual Studio Version 17
VisualStudioVersion = 17.14.36202.13
MinimumVisualStudioVersion = 10.0.40219.1
Project("{FAE04EC0-301F-11D3-BF4B-00C04F79EFBC}") = "IncuSmart.App", "IncuSmart.App\IncuSmart.App.csproj", "{0BF65CA0-0A99-4F5A-BB3D-D94C6F17E82C}"
EndProject
Project("{FAE04EC0-301F-11D3-BF4B-00C04F79EFBC}") = "IncuSmart.Core", "IncuSmart.Core\IncuSmart.Core.csproj", "{A954F612-04A9-4308-8973-D14961ED6E4B}"
EndProject
Project("{FAE04EC0-301F-11D3-BF4B-00C04F79EFBC}") = "IncuSmart.Infra", "IncuSmart.Infra\IncuSmart.Infra.csproj", "{8CE0CD0F-73BF-4D59-BECF-9E1DDE4FCE5D}"
EndProject
Project("{FAE04EC0-301F-11D3-BF4B-00C04F79EFBC}") = "IncuSmart.API", "IncuSmart.API\IncuSmart.API.csproj", "{96723D19-A998-4151-B2F6-4D9BBBD8D897}"
EndProject
Global
	GlobalSection(SolutionConfigurationPlatforms) = preSolution
		Debug|Any CPU = Debug|Any CPU
		Release|Any CPU = Release|Any CPU
	EndGlobalSection
	GlobalSection(ProjectConfigurationPlatforms) = postSolution
		{0BF65CA0-0A99-4F5A-BB3D-D94C6F17E82C}.Debug|Any CPU.ActiveCfg = Debug|Any CPU
		{0BF65CA0-0A99-4F5A-BB3D-D94C6F17E82C}.Debug|Any CPU.Build.0 = Debug|Any CPU
		{0BF65CA0-0A99-4F5A-BB3D-D94C6F17E82C}.Release|Any CPU.ActiveCfg = Release|Any CPU
		{0BF65CA0-0A99-4F5A-BB3D-D94C6F17E82C}.Release|Any CPU.Build.0 = Release|Any CPU
		{A954F612-04A9-4308-8973-D14961ED6E4B}.Debug|Any CPU.ActiveCfg = Debug|Any CPU
		{A954F612-04A9-4308-8973-D14961ED6E4B}.Debug|Any CPU.Build.0 = Debug|Any CPU
		{A954F612-04A9-4308-8973-D14961ED6E4B}.Release|Any CPU.ActiveCfg = Release|Any CPU
		{A954F612-04A9-4308-8973-D14961ED6E4B}.Release|Any CPU.Build.0 = Release|Any CPU
		{8CE0CD0F-73BF-4D59-BECF-9E1DDE4FCE5D}.Debug|Any CPU.ActiveCfg = Debug|Any CPU
		{8CE0CD0F-73BF-4D59-BECF-9E1DDE4FCE5D}.Debug|Any CPU.Build.0 = Debug|Any CPU
		{8CE0CD0F-73BF-4D59-BECF-9E1DDE4FCE5D}.Release|Any CPU.ActiveCfg = Release|Any CPU
		{8CE0CD0F-73BF-4D59-BECF-9E1DDE4FCE5D}.Release|Any CPU.Build.0 = Release|Any CPU
		{96723D19-A998-4151-B2F6-4D9BBBD8D897}.Debug|Any CPU.ActiveCfg = Debug|Any CPU
		{96723D19-A998-4151-B2F6-4D9BBBD8D897}.Debug|Any CPU.Build.0 = Debug|Any CPU
		{96723D19-A998-4151-B2F6-4D9BBBD8D897}.Release|Any CPU.ActiveCfg = Release|Any CPU
		{96723D19-A998-4151-B2F6-4D9BBBD8D897}.Release|Any CPU.Build.0 = Release|Any CPU
	EndGlobalSection
	GlobalSection(SolutionProperties) = preSolution
		HideSolutionNode = FALSE
	EndGlobalSection
	GlobalSection(ExtensibilityGlobals) = postSolution
		SolutionGuid = {D0824DD3-E266-415C-87A7-D29C7F188BA9}
	EndGlobalSection
EndGlobal
